
Microsoft Visual Studio Solution File, Format Version 12.00
# Visual Studio Version 16
VisualStudioVersion = 16.0.30907.101
MinimumVisualStudioVersion = 10.0.40219.1
Project("{FAE04EC0-301F-11D3-BF4B-00C04F79EFBC}") = "WindowsFormsApp1", "WindowsFormsApp1.csproj", "{745B209B-A624-4194-9B71-F57ADCA5C60C}"
EndProject
Global
	GlobalSection(SolutionConfigurationPlatforms) = preSolution
		Debug|Any CPU = Debug|Any CPU
		Release|Any CPU = Release|Any CPU
	EndGlobalSection
	GlobalSection(ProjectConfigurationPlatforms) = postSolution
		{745B209B-A624-4194-9B71-F57ADCA5C60C}.Debug|Any CPU.ActiveCfg = Debug|Any CPU
		{745B209B-A624-4194-9B71-F57ADCA5C60C}.Debug|Any CPU.Build.0 = Debug|Any CPU
		{745B209B-A624-4194-9B71-F57ADCA5C60C}.Release|Any CPU.ActiveCfg = Release|Any CPU
		{745B209B-A624-4194-9B71-F57ADCA5C60C}.Release|Any CPU.Build.0 = Release|Any CPU
	EndGlobalSection
	GlobalSection(SolutionProperties) = preSolution
		HideSolutionNode = FALSE
	EndGlobalSection
	GlobalSection(ExtensibilityGlobals) = postSolution
		SolutionGuid = {030C3B6B-0D8A-4590-BDE1-E910C362B492}
	EndGlobalSection
EndGlobal
